
Microsoft Visual Studio Solution File, Format Version 12.00
# Visual Studio Version 16
VisualStudioVersion = 25.0.1704.2
MinimumVisualStudioVersion = 10.0.40219.1
Project("{FAE04EC0-301F-11D3-BF4B-00C04F79EFBC}") = "LearnDanish.Android", "LearnDanish\LearnDanish.Android\LearnDanish.Android.csproj", "{18D6823E-0A68-41BE-88C1-CE227D105F87}"
EndProject
Project("{FAE04EC0-301F-11D3-BF4B-00C04F79EFBC}") = "LearnDanish.iOS", "LearnDanish\LearnDanish.iOS\LearnDanish.iOS.csproj", "{E8DBFB83-FFD8-4DBE-A8E9-4E4EB62A0104}"
EndProject
Project("{FAE04EC0-301F-11D3-BF4B-00C04F79EFBC}") = "LearnDanish", "LearnDanish\LearnDanish\LearnDanish.csproj", "{6269C0F3-563C-44DA-84AC-6A85BCD7D65A}"
EndProject
Project("{FAE04EC0-301F-11D3-BF4B-00C04F79EFBC}") = "LearnDanish.Domain", "LearnDanish\LearnDanish.Domain\LearnDanish.Domain.csproj", "{CA1367FA-0F8C-4CC4-81A6-6296D478722D}"
EndProject
Project("{FAE04EC0-301F-11D3-BF4B-00C04F79EFBC}") = "LearnDanish.Data", "LearnDanish\LearnDanish.Data\LearnDanish.Data.csproj", "{EEAC40AD-5F2F-462D-8897-8EA05F137D0F}"
EndProject
Global
	GlobalSection(SolutionConfigurationPlatforms) = preSolution
		Debug|Any CPU = Debug|Any CPU
		Release|Any CPU = Release|Any CPU
		Debug|iPhoneSimulator = Debug|iPhoneSimulator
		Release|iPhoneSimulator = Release|iPhoneSimulator
		Debug|iPhone = Debug|iPhone
		Release|iPhone = Release|iPhone
	EndGlobalSection
	GlobalSection(ProjectConfigurationPlatforms) = postSolution
		{18D6823E-0A68-41BE-88C1-CE227D105F87}.Debug|Any CPU.ActiveCfg = Debug|Any CPU
		{18D6823E-0A68-41BE-88C1-CE227D105F87}.Debug|Any CPU.Build.0 = Debug|Any CPU
		{18D6823E-0A68-41BE-88C1-CE227D105F87}.Release|Any CPU.ActiveCfg = Release|Any CPU
		{18D6823E-0A68-41BE-88C1-CE227D105F87}.Release|Any CPU.Build.0 = Release|Any CPU
		{18D6823E-0A68-41BE-88C1-CE227D105F87}.Debug|iPhoneSimulator.ActiveCfg = Debug|Any CPU
		{18D6823E-0A68-41BE-88C1-CE227D105F87}.Debug|iPhoneSimulator.Build.0 = Debug|Any CPU
		{18D6823E-0A68-41BE-88C1-CE227D105F87}.Release|iPhoneSimulator.ActiveCfg = Release|Any CPU
		{18D6823E-0A68-41BE-88C1-CE227D105F87}.Release|iPhoneSimulator.Build.0 = Release|Any CPU
		{18D6823E-0A68-41BE-88C1-CE227D105F87}.Debug|iPhone.ActiveCfg = Debug|Any CPU
		{18D6823E-0A68-41BE-88C1-CE227D105F87}.Debug|iPhone.Build.0 = Debug|Any CPU
		{18D6823E-0A68-41BE-88C1-CE227D105F87}.Release|iPhone.ActiveCfg = Release|Any CPU
		{18D6823E-0A68-41BE-88C1-CE227D105F87}.Release|iPhone.Build.0 = Release|Any CPU
		{E8DBFB83-FFD8-4DBE-A8E9-4E4EB62A0104}.Debug|Any CPU.ActiveCfg = Debug|iPhoneSimulator
		{E8DBFB83-FFD8-4DBE-A8E9-4E4EB62A0104}.Debug|Any CPU.Build.0 = Debug|iPhoneSimulator
		{E8DBFB83-FFD8-4DBE-A8E9-4E4EB62A0104}.Release|Any CPU.ActiveCfg = Release|iPhoneSimulator
		{E8DBFB83-FFD8-4DBE-A8E9-4E4EB62A0104}.Release|Any CPU.Build.0 = Release|iPhoneSimulator
		{E8DBFB83-FFD8-4DBE-A8E9-4E4EB62A0104}.Debug|iPhoneSimulator.ActiveCfg = Debug|iPhoneSimulator
		{E8DBFB83-FFD8-4DBE-A8E9-4E4EB62A0104}.Debug|iPhoneSimulator.Build.0 = Debug|iPhoneSimulator
		{E8DBFB83-FFD8-4DBE-A8E9-4E4EB62A0104}.Release|iPhoneSimulator.ActiveCfg = Release|iPhoneSimulator
		{E8DBFB83-FFD8-4DBE-A8E9-4E4EB62A0104}.Release|iPhoneSimulator.Build.0 = Release|iPhoneSimulator
		{E8DBFB83-FFD8-4DBE-A8E9-4E4EB62A0104}.Debug|iPhone.ActiveCfg = Debug|iPhone
		{E8DBFB83-FFD8-4DBE-A8E9-4E4EB62A0104}.Debug|iPhone.Build.0 = Debug|iPhone
		{E8DBFB83-FFD8-4DBE-A8E9-4E4EB62A0104}.Release|iPhone.ActiveCfg = Release|iPhone
		{E8DBFB83-FFD8-4DBE-A8E9-4E4EB62A0104}.Release|iPhone.Build.0 = Release|iPhone
		{6269C0F3-563C-44DA-84AC-6A85BCD7D65A}.Debug|Any CPU.ActiveCfg = Debug|Any CPU
		{6269C0F3-563C-44DA-84AC-6A85BCD7D65A}.Debug|Any CPU.Build.0 = Debug|Any CPU
		{6269C0F3-563C-44DA-84AC-6A85BCD7D65A}.Release|Any CPU.ActiveCfg = Release|Any CPU
		{6269C0F3-563C-44DA-84AC-6A85BCD7D65A}.Release|Any CPU.Build.0 = Release|Any CPU
		{6269C0F3-563C-44DA-84AC-6A85BCD7D65A}.Debug|iPhoneSimulator.ActiveCfg = Debug|Any CPU
		{6269C0F3-563C-44DA-84AC-6A85BCD7D65A}.Debug|iPhoneSimulator.Build.0 = Debug|Any CPU
		{6269C0F3-563C-44DA-84AC-6A85BCD7D65A}.Release|iPhoneSimulator.ActiveCfg = Release|Any CPU
		{6269C0F3-563C-44DA-84AC-6A85BCD7D65A}.Release|iPhoneSimulator.Build.0 = Release|Any CPU
		{6269C0F3-563C-44DA-84AC-6A85BCD7D65A}.Debug|iPhone.ActiveCfg = Debug|Any CPU
		{6269C0F3-563C-44DA-84AC-6A85BCD7D65A}.Debug|iPhone.Build.0 = Debug|Any CPU
		{6269C0F3-563C-44DA-84AC-6A85BCD7D65A}.Release|iPhone.ActiveCfg = Release|Any CPU
		{6269C0F3-563C-44DA-84AC-6A85BCD7D65A}.Release|iPhone.Build.0 = Release|Any CPU
		{CA1367FA-0F8C-4CC4-81A6-6296D478722D}.Debug|Any CPU.ActiveCfg = Debug|Any CPU
		{CA1367FA-0F8C-4CC4-81A6-6296D478722D}.Debug|Any CPU.Build.0 = Debug|Any CPU
		{CA1367FA-0F8C-4CC4-81A6-6296D478722D}.Release|Any CPU.ActiveCfg = Release|Any CPU
		{CA1367FA-0F8C-4CC4-81A6-6296D478722D}.Release|Any CPU.Build.0 = Release|Any CPU
		{CA1367FA-0F8C-4CC4-81A6-6296D478722D}.Debug|iPhoneSimulator.ActiveCfg = Debug|Any CPU
		{CA1367FA-0F8C-4CC4-81A6-6296D478722D}.Debug|iPhoneSimulator.Build.0 = Debug|Any CPU
		{CA1367FA-0F8C-4CC4-81A6-6296D478722D}.Release|iPhoneSimulator.ActiveCfg = Release|Any CPU
		{CA1367FA-0F8C-4CC4-81A6-6296D478722D}.Release|iPhoneSimulator.Build.0 = Release|Any CPU
		{CA1367FA-0F8C-4CC4-81A6-6296D478722D}.Debug|iPhone.ActiveCfg = Debug|Any CPU
		{CA1367FA-0F8C-4CC4-81A6-6296D478722D}.Debug|iPhone.Build.0 = Debug|Any CPU
		{CA1367FA-0F8C-4CC4-81A6-6296D478722D}.Release|iPhone.ActiveCfg = Release|Any CPU
		{CA1367FA-0F8C-4CC4-81A6-6296D478722D}.Release|iPhone.Build.0 = Release|Any CPU
		{EEAC40AD-5F2F-462D-8897-8EA05F137D0F}.Debug|Any CPU.ActiveCfg = Debug|Any CPU
		{EEAC40AD-5F2F-462D-8897-8EA05F137D0F}.Debug|Any CPU.Build.0 = Debug|Any CPU
		{EEAC40AD-5F2F-462D-8897-8EA05F137D0F}.Release|Any CPU.ActiveCfg = Release|Any CPU
		{EEAC40AD-5F2F-462D-8897-8EA05F137D0F}.Release|Any CPU.Build.0 = Release|Any CPU
		{EEAC40AD-5F2F-462D-8897-8EA05F137D0F}.Debug|iPhoneSimulator.ActiveCfg = Debug|Any CPU
		{EEAC40AD-5F2F-462D-8897-8EA05F137D0F}.Debug|iPhoneSimulator.Build.0 = Debug|Any CPU
		{EEAC40AD-5F2F-462D-8897-8EA05F137D0F}.Release|iPhoneSimulator.ActiveCfg = Release|Any CPU
		{EEAC40AD-5F2F-462D-8897-8EA05F137D0F}.Release|iPhoneSimulator.Build.0 = Release|Any CPU
		{EEAC40AD-5F2F-462D-8897-8EA05F137D0F}.Debug|iPhone.ActiveCfg = Debug|Any CPU
		{EEAC40AD-5F2F-462D-8897-8EA05F137D0F}.Debug|iPhone.Build.0 = Debug|Any CPU
		{EEAC40AD-5F2F-462D-8897-8EA05F137D0F}.Release|iPhone.ActiveCfg = Release|Any CPU
		{EEAC40AD-5F2F-462D-8897-8EA05F137D0F}.Release|iPhone.Build.0 = Release|Any CPU
	EndGlobalSection
	GlobalSection(SolutionProperties) = preSolution
		HideSolutionNode = FALSE
	EndGlobalSection
	GlobalSection(ExtensibilityGlobals) = postSolution
		SolutionGuid = {6038FF4E-704F-41FF-A9D3-D7178D745522}
	EndGlobalSection
EndGlobal
